
Microsoft Visual Studio Solution File, Format Version 12.00
# Visual Studio Version 17
VisualStudioVersion = 17.2.32314.265
MinimumVisualStudioVersion = 10.0.40219.1
Project("{FAE04EC0-301F-11D3-BF4B-00C04F79EFBC}") = "TechSpark.Blazor.Wasm.Client", "TechSpark.Blazor.Wasm.Client\TechSpark.Blazor.Wasm.Client.csproj", "{71BC8370-FD89-40AA-99AC-EB6C0EC77C28}"
EndProject
Global
	GlobalSection(SolutionConfigurationPlatforms) = preSolution
		Debug|Any CPU = Debug|Any CPU
		Release|Any CPU = Release|Any CPU
	EndGlobalSection
	GlobalSection(ProjectConfigurationPlatforms) = postSolution
		{71BC8370-FD89-40AA-99AC-EB6C0EC77C28}.Debug|Any CPU.ActiveCfg = Debug|Any CPU
		{71BC8370-FD89-40AA-99AC-EB6C0EC77C28}.Debug|Any CPU.Build.0 = Debug|Any CPU
		{71BC8370-FD89-40AA-99AC-EB6C0EC77C28}.Release|Any CPU.ActiveCfg = Release|Any CPU
		{71BC8370-FD89-40AA-99AC-EB6C0EC77C28}.Release|Any CPU.Build.0 = Release|Any CPU
	EndGlobalSection
	GlobalSection(SolutionProperties) = preSolution
		HideSolutionNode = FALSE
	EndGlobalSection
	GlobalSection(ExtensibilityGlobals) = postSolution
		SolutionGuid = {1C028F4E-CD12-438B-B78F-D4636E56599F}
	EndGlobalSection
EndGlobal
