
Microsoft Visual Studio Solution File, Format Version 12.00
# Visual Studio Version 17
VisualStudioVersion = 17.0.31717.71
MinimumVisualStudioVersion = 10.0.40219.1
Project("{9A19103F-16F7-4668-BE54-9A1E7A4F7556}") = "TechSpark.Blazor.WasmTeam.UI", "TechSpark.Blazor.WasmTeam.UI.csproj", "{626C8882-0E97-4190-9EE4-C8847B626F09}"
EndProject
Global
	GlobalSection(SolutionConfigurationPlatforms) = preSolution
		Debug|Any CPU = Debug|Any CPU
		Release|Any CPU = Release|Any CPU
	EndGlobalSection
	GlobalSection(ProjectConfigurationPlatforms) = postSolution
		{626C8882-0E97-4190-9EE4-C8847B626F09}.Debug|Any CPU.ActiveCfg = Debug|Any CPU
		{626C8882-0E97-4190-9EE4-C8847B626F09}.Debug|Any CPU.Build.0 = Debug|Any CPU
		{626C8882-0E97-4190-9EE4-C8847B626F09}.Release|Any CPU.ActiveCfg = Release|Any CPU
		{626C8882-0E97-4190-9EE4-C8847B626F09}.Release|Any CPU.Build.0 = Release|Any CPU
	EndGlobalSection
	GlobalSection(SolutionProperties) = preSolution
		HideSolutionNode = FALSE
	EndGlobalSection
	GlobalSection(ExtensibilityGlobals) = postSolution
		SolutionGuid = {78D2AEC1-2C0E-467F-9496-15301AE24D4C}
	EndGlobalSection
EndGlobal