
Microsoft Visual Studio Solution File, Format Version 12.00
# Visual Studio Version 17
VisualStudioVersion = 17.0.31717.71
MinimumVisualStudioVersion = 10.0.40219.1
Project("{9A19103F-16F7-4668-BE54-9A1E7A4F7556}") = "TechSpark.Blazor.Reusable.WasmTest", "TechSpark.Blazor.Reusable.WasmTest.csproj", "{A49A97F0-E5E4-4350-96A2-1E9D070399C3}"
EndProject
Global
	GlobalSection(SolutionConfigurationPlatforms) = preSolution
		Debug|Any CPU = Debug|Any CPU
		Release|Any CPU = Release|Any CPU
	EndGlobalSection
	GlobalSection(ProjectConfigurationPlatforms) = postSolution
		{A49A97F0-E5E4-4350-96A2-1E9D070399C3}.Debug|Any CPU.ActiveCfg = Debug|Any CPU
		{A49A97F0-E5E4-4350-96A2-1E9D070399C3}.Debug|Any CPU.Build.0 = Debug|Any CPU
		{A49A97F0-E5E4-4350-96A2-1E9D070399C3}.Release|Any CPU.ActiveCfg = Release|Any CPU
		{A49A97F0-E5E4-4350-96A2-1E9D070399C3}.Release|Any CPU.Build.0 = Release|Any CPU
	EndGlobalSection
	GlobalSection(SolutionProperties) = preSolution
		HideSolutionNode = FALSE
	EndGlobalSection
	GlobalSection(ExtensibilityGlobals) = postSolution
		SolutionGuid = {58040277-CD43-4AC6-8671-A5C758F5F69E}
	EndGlobalSection
EndGlobal